// !$*UTF8*$!
{
	archiveVersion = 1;
	classes = {
	};
	objectVersion = 77;
	objects = {

/* Begin PBXBuildFile section */
		7BC516D22CE56B8100CACA20 /* yt-dlpX in Embed Helper Tools */ = {isa = PBXBuildFile; fileRef = 7BE038FA2CE55E3600CD7DB4 /* yt-dlpX */; settings = {ATTRIBUTES = (CodeSignOnCopy, ); }; };
/* End PBXBuildFile section */

/* Begin PBXContainerItemProxy section */
		7B4961292CDEBAEC0026AB0E /* PBXContainerItemProxy */ = {
			isa = PBXContainerItemProxy;
			containerPortal = 7B49610D2CDEBAE90026AB0E /* Project object */;
			proxyType = 1;
			remoteGlobalIDString = 7B4961142CDEBAE90026AB0E;
			remoteInfo = "Film Room";
		};
		7B4961332CDEBAEC0026AB0E /* PBXContainerItemProxy */ = {
			isa = PBXContainerItemProxy;
			containerPortal = 7B49610D2CDEBAE90026AB0E /* Project object */;
			proxyType = 1;
			remoteGlobalIDString = 7B4961142CDEBAE90026AB0E;
			remoteInfo = "Film Room";
		};
		7BC516CF2CE56B2C00CACA20 /* PBXContainerItemProxy */ = {
			isa = PBXContainerItemProxy;
			containerPortal = 7B49610D2CDEBAE90026AB0E /* Project object */;
			proxyType = 1;
			remoteGlobalIDString = 7BE038F92CE55E3600CD7DB4;
			remoteInfo = "yt-dlpX";
		};
/* End PBXContainerItemProxy section */

/* Begin PBXCopyFilesBuildPhase section */
		7BC516D12CE56B4100CACA20 /* Embed Helper Tools */ = {
			isa = PBXCopyFilesBuildPhase;
			buildActionMask = 2147483647;
			dstPath = "";
			dstSubfolderSpec = 6;
			files = (
				7BC516D22CE56B8100CACA20 /* yt-dlpX in Embed Helper Tools */,
			);
			name = "Embed Helper Tools";
			runOnlyForDeploymentPostprocessing = 0;
		};
		7BE038F82CE55E3600CD7DB4 /* CopyFiles */ = {
			isa = PBXCopyFilesBuildPhase;
			buildActionMask = 2147483647;
			dstPath = /usr/share/man/man1/;
			dstSubfolderSpec = 0;
			files = (
			);
			runOnlyForDeploymentPostprocessing = 1;
		};
/* End PBXCopyFilesBuildPhase section */

/* Begin PBXFileReference section */
		7B4961152CDEBAE90026AB0E /* Film Room.app */ = {isa = PBXFileReference; explicitFileType = wrapper.application; includeInIndex = 0; path = "Film Room.app"; sourceTree = BUILT_PRODUCTS_DIR; };
		7B4961282CDEBAEC0026AB0E /* Film RoomTests.xctest */ = {isa = PBXFileReference; explicitFileType = wrapper.cfbundle; includeInIndex = 0; path = "Film RoomTests.xctest"; sourceTree = BUILT_PRODUCTS_DIR; };
		7B4961322CDEBAEC0026AB0E /* Film RoomUITests.xctest */ = {isa = PBXFileReference; explicitFileType = wrapper.cfbundle; includeInIndex = 0; path = "Film RoomUITests.xctest"; sourceTree = BUILT_PRODUCTS_DIR; };
		7BE038FA2CE55E3600CD7DB4 /* yt-dlpX */ = {isa = PBXFileReference; explicitFileType = "compiled.mach-o.executable"; includeInIndex = 0; path = "yt-dlpX"; sourceTree = BUILT_PRODUCTS_DIR; };
/* End PBXFileReference section */

/* Begin PBXFileSystemSynchronizedRootGroup section */
		7B4961172CDEBAE90026AB0E /* Film Room */ = {
			isa = PBXFileSystemSynchronizedRootGroup;
			path = "Film Room";
			sourceTree = "<group>";
		};
		7B49612B2CDEBAEC0026AB0E /* Film RoomTests */ = {
			isa = PBXFileSystemSynchronizedRootGroup;
			path = "Film RoomTests";
			sourceTree = "<group>";
		};
		7B4961352CDEBAEC0026AB0E /* Film RoomUITests */ = {
			isa = PBXFileSystemSynchronizedRootGroup;
			path = "Film RoomUITests";
			sourceTree = "<group>";
		};
		7BE038FB2CE55E3600CD7DB4 /* yt-dlpX */ = {
			isa = PBXFileSystemSynchronizedRootGroup;
			path = "yt-dlpX";
			sourceTree = "<group>";
		};
/* End PBXFileSystemSynchronizedRootGroup section */

/* Begin PBXFrameworksBuildPhase section */
		7B4961122CDEBAE90026AB0E /* Frameworks */ = {
			isa = PBXFrameworksBuildPhase;
			buildActionMask = 2147483647;
			files = (
			);
			runOnlyForDeploymentPostprocessing = 0;
		};
		7B4961252CDEBAEC0026AB0E /* Frameworks */ = {
			isa = PBXFrameworksBuildPhase;
			buildActionMask = 2147483647;
			files = (
			);
			runOnlyForDeploymentPostprocessing = 0;
		};
		7B49612F2CDEBAEC0026AB0E /* Frameworks */ = {
			isa = PBXFrameworksBuildPhase;
			buildActionMask = 2147483647;
			files = (
			);
			runOnlyForDeploymentPostprocessing = 0;
		};
		7BE038F72CE55E3600CD7DB4 /* Frameworks */ = {
			isa = PBXFrameworksBuildPhase;
			buildActionMask = 2147483647;
			files = (
			);
			runOnlyForDeploymentPostprocessing = 0;
		};
/* End PBXFrameworksBuildPhase section */

/* Begin PBXGroup section */
		7B49610C2CDEBAE90026AB0E = {
			isa = PBXGroup;
			children = (
				7B4961172CDEBAE90026AB0E /* Film Room */,
				7B49612B2CDEBAEC0026AB0E /* Film RoomTests */,
				7B4961352CDEBAEC0026AB0E /* Film RoomUITests */,
				7BE038FB2CE55E3600CD7DB4 /* yt-dlpX */,
				7B4961162CDEBAE90026AB0E /* Products */,
			);
			sourceTree = "<group>";
		};
		7B4961162CDEBAE90026AB0E /* Products */ = {
			isa = PBXGroup;
			children = (
				7B4961152CDEBAE90026AB0E /* Film Room.app */,
				7B4961282CDEBAEC0026AB0E /* Film RoomTests.xctest */,
				7B4961322CDEBAEC0026AB0E /* Film RoomUITests.xctest */,
				7BE038FA2CE55E3600CD7DB4 /* yt-dlpX */,
			);
			name = Products;
			sourceTree = "<group>";
		};
/* End PBXGroup section */

/* Begin PBXNativeTarget section */
		7B4961142CDEBAE90026AB0E /* Film Room */ = {
			isa = PBXNativeTarget;
			buildConfigurationList = 7B49613C2CDEBAEC0026AB0E /* Build configuration list for PBXNativeTarget "Film Room" */;
			buildPhases = (
				7B4961112CDEBAE90026AB0E /* Sources */,
				7B4961122CDEBAE90026AB0E /* Frameworks */,
				7B4961132CDEBAE90026AB0E /* Resources */,
				7BC516D12CE56B4100CACA20 /* Embed Helper Tools */,
			);
			buildRules = (
			);
			dependencies = (
				7BC516D02CE56B2C00CACA20 /* PBXTargetDependency */,
			);
			fileSystemSynchronizedGroups = (
				7B4961172CDEBAE90026AB0E /* Film Room */,
			);
			name = "Film Room";
			packageProductDependencies = (
			);
			productName = "Film Room";
			productReference = 7B4961152CDEBAE90026AB0E /* Film Room.app */;
			productType = "com.apple.product-type.application";
		};
		7B4961272CDEBAEC0026AB0E /* Film RoomTests */ = {
			isa = PBXNativeTarget;
			buildConfigurationList = 7B49613F2CDEBAEC0026AB0E /* Build configuration list for PBXNativeTarget "Film RoomTests" */;
			buildPhases = (
				7B4961242CDEBAEC0026AB0E /* Sources */,
				7B4961252CDEBAEC0026AB0E /* Frameworks */,
				7B4961262CDEBAEC0026AB0E /* Resources */,
			);
			buildRules = (
			);
			dependencies = (
				7B49612A2CDEBAEC0026AB0E /* PBXTargetDependency */,
			);
			fileSystemSynchronizedGroups = (
				7B49612B2CDEBAEC0026AB0E /* Film RoomTests */,
			);
			name = "Film RoomTests";
			packageProductDependencies = (
			);
			productName = "Film RoomTests";
			productReference = 7B4961282CDEBAEC0026AB0E /* Film RoomTests.xctest */;
			productType = "com.apple.product-type.bundle.unit-test";
		};
		7B4961312CDEBAEC0026AB0E /* Film RoomUITests */ = {
			isa = PBXNativeTarget;
			buildConfigurationList = 7B4961422CDEBAEC0026AB0E /* Build configuration list for PBXNativeTarget "Film RoomUITests" */;
			buildPhases = (
				7B49612E2CDEBAEC0026AB0E /* Sources */,
				7B49612F2CDEBAEC0026AB0E /* Frameworks */,
				7B4961302CDEBAEC0026AB0E /* Resources */,
			);
			buildRules = (
			);
			dependencies = (
				7B4961342CDEBAEC0026AB0E /* PBXTargetDependency */,
			);
			fileSystemSynchronizedGroups = (
				7B4961352CDEBAEC0026AB0E /* Film RoomUITests */,
			);
			name = "Film RoomUITests";
			packageProductDependencies = (
			);
			productName = "Film RoomUITests";
			productReference = 7B4961322CDEBAEC0026AB0E /* Film RoomUITests.xctest */;
			productType = "com.apple.product-type.bundle.ui-testing";
		};
		7BE038F92CE55E3600CD7DB4 /* yt-dlpX */ = {
			isa = PBXNativeTarget;
			buildConfigurationList = 7BE039002CE55E3600CD7DB4 /* Build configuration list for PBXNativeTarget "yt-dlpX" */;
			buildPhases = (
				7BE038F62CE55E3600CD7DB4 /* Sources */,
				7BE038F72CE55E3600CD7DB4 /* Frameworks */,
				7BE038F82CE55E3600CD7DB4 /* CopyFiles */,
			);
			buildRules = (
			);
			dependencies = (
			);
			fileSystemSynchronizedGroups = (
				7BE038FB2CE55E3600CD7DB4 /* yt-dlpX */,
			);
			name = "yt-dlpX";
			packageProductDependencies = (
			);
			productName = "yt-dlpX";
			productReference = 7BE038FA2CE55E3600CD7DB4 /* yt-dlpX */;
			productType = "com.apple.product-type.tool";
		};
/* End PBXNativeTarget section */

/* Begin PBXProject section */
		7B49610D2CDEBAE90026AB0E /* Project object */ = {
			isa = PBXProject;
			attributes = {
				BuildIndependentTargetsInParallel = 1;
				LastSwiftUpdateCheck = 1610;
				LastUpgradeCheck = 1610;
				TargetAttributes = {
					7B4961142CDEBAE90026AB0E = {
						CreatedOnToolsVersion = 16.1;
					};
					7B4961272CDEBAEC0026AB0E = {
						CreatedOnToolsVersion = 16.1;
						TestTargetID = 7B4961142CDEBAE90026AB0E;
					};
					7B4961312CDEBAEC0026AB0E = {
						CreatedOnToolsVersion = 16.1;
						TestTargetID = 7B4961142CDEBAE90026AB0E;
					};
					7BE038F92CE55E3600CD7DB4 = {
						CreatedOnToolsVersion = 16.1;
					};
				};
			};
			buildConfigurationList = 7B4961102CDEBAE90026AB0E /* Build configuration list for PBXProject "Film Room" */;
			developmentRegion = en;
			hasScannedForEncodings = 0;
			knownRegions = (
				en,
				Base,
			);
			mainGroup = 7B49610C2CDEBAE90026AB0E;
			minimizedProjectReferenceProxies = 1;
			preferredProjectObjectVersion = 77;
			productRefGroup = 7B4961162CDEBAE90026AB0E /* Products */;
			projectDirPath = "";
			projectRoot = "";
			targets = (
				7B4961142CDEBAE90026AB0E /* Film Room */,
				7B4961272CDEBAEC0026AB0E /* Film RoomTests */,
				7B4961312CDEBAEC0026AB0E /* Film RoomUITests */,
				7BE038F92CE55E3600CD7DB4 /* yt-dlpX */,
			);
		};
/* End PBXProject section */

/* Begin PBXResourcesBuildPhase section */
		7B4961132CDEBAE90026AB0E /* Resources */ = {
			isa = PBXResourcesBuildPhase;
			buildActionMask = 2147483647;
			files = (
			);
			runOnlyForDeploymentPostprocessing = 0;
		};
		7B4961262CDEBAEC0026AB0E /* Resources */ = {
			isa = PBXResourcesBuildPhase;
			buildActionMask = 2147483647;
			files = (
			);
			runOnlyForDeploymentPostprocessing = 0;
		};
		7B4961302CDEBAEC0026AB0E /* Resources */ = {
			isa = PBXResourcesBuildPhase;
			buildActionMask = 2147483647;
			files = (
			);
			runOnlyForDeploymentPostprocessing = 0;
		};
/* End PBXResourcesBuildPhase section */

/* Begin PBXSourcesBuildPhase section */
		7B4961112CDEBAE90026AB0E /* Sources */ = {
			isa = PBXSourcesBuildPhase;
			buildActionMask = 2147483647;
			files = (
			);
			runOnlyForDeploymentPostprocessing = 0;
		};
		7B4961242CDEBAEC0026AB0E /* Sources */ = {
			isa = PBXSourcesBuildPhase;
			buildActionMask = 2147483647;
			files = (
			);
			runOnlyForDeploymentPostprocessing = 0;
		};
		7B49612E2CDEBAEC0026AB0E /* Sources */ = {
			isa = PBXSourcesBuildPhase;
			buildActionMask = 2147483647;
			files = (
			);
			runOnlyForDeploymentPostprocessing = 0;
		};
		7BE038F62CE55E3600CD7DB4 /* Sources */ = {
			isa = PBXSourcesBuildPhase;
			buildActionMask = 2147483647;
			files = (
			);
			runOnlyForDeploymentPostprocessing = 0;
		};
/* End PBXSourcesBuildPhase section */

/* Begin PBXTargetDependency section */
		7B49612A2CDEBAEC0026AB0E /* PBXTargetDependency */ = {
			isa = PBXTargetDependency;
			target = 7B4961142CDEBAE90026AB0E /* Film Room */;
			targetProxy = 7B4961292CDEBAEC0026AB0E /* PBXContainerItemProxy */;
		};
		7B4961342CDEBAEC0026AB0E /* PBXTargetDependency */ = {
			isa = PBXTargetDependency;
			target = 7B4961142CDEBAE90026AB0E /* Film Room */;
			targetProxy = 7B4961332CDEBAEC0026AB0E /* PBXContainerItemProxy */;
		};
		7BC516D02CE56B2C00CACA20 /* PBXTargetDependency */ = {
			isa = PBXTargetDependency;
			target = 7BE038F92CE55E3600CD7DB4 /* yt-dlpX */;
			targetProxy = 7BC516CF2CE56B2C00CACA20 /* PBXContainerItemProxy */;
		};
/* End PBXTargetDependency section */

/* Begin XCBuildConfiguration section */
		7B49613A2CDEBAEC0026AB0E /* Debug */ = {
			isa = XCBuildConfiguration;
			buildSettings = {
				ALWAYS_SEARCH_USER_PATHS = NO;
				ASSETCATALOG_COMPILER_GENERATE_SWIFT_ASSET_SYMBOL_EXTENSIONS = YES;
				CLANG_ANALYZER_NONNULL = YES;
				CLANG_ANALYZER_NUMBER_OBJECT_CONVERSION = YES_AGGRESSIVE;
				CLANG_CXX_LANGUAGE_STANDARD = "gnu++20";
				CLANG_ENABLE_MODULES = YES;
				CLANG_ENABLE_OBJC_ARC = YES;
				CLANG_ENABLE_OBJC_WEAK = YES;
				CLANG_WARN_BLOCK_CAPTURE_AUTORELEASING = YES;
				CLANG_WARN_BOOL_CONVERSION = YES;
				CLANG_WARN_COMMA = YES;
				CLANG_WARN_CONSTANT_CONVERSION = YES;
				CLANG_WARN_DEPRECATED_OBJC_IMPLEMENTATIONS = YES;
				CLANG_WARN_DIRECT_OBJC_ISA_USAGE = YES_ERROR;
				CLANG_WARN_DOCUMENTATION_COMMENTS = YES;
				CLANG_WARN_EMPTY_BODY = YES;
				CLANG_WARN_ENUM_CONVERSION = YES;
				CLANG_WARN_INFINITE_RECURSION = YES;
				CLANG_WARN_INT_CONVERSION = YES;
				CLANG_WARN_NON_LITERAL_NULL_CONVERSION = YES;
				CLANG_WARN_OBJC_IMPLICIT_RETAIN_SELF = YES;
				CLANG_WARN_OBJC_LITERAL_CONVERSION = YES;
				CLANG_WARN_OBJC_ROOT_CLASS = YES_ERROR;
				CLANG_WARN_QUOTED_INCLUDE_IN_FRAMEWORK_HEADER = YES;
				CLANG_WARN_RANGE_LOOP_ANALYSIS = YES;
				CLANG_WARN_STRICT_PROTOTYPES = YES;
				CLANG_WARN_SUSPICIOUS_MOVE = YES;
				CLANG_WARN_UNGUARDED_AVAILABILITY = YES_AGGRESSIVE;
				CLANG_WARN_UNREACHABLE_CODE = YES;
				CLANG_WARN__DUPLICATE_METHOD_MATCH = YES;
				COPY_PHASE_STRIP = NO;
				DEBUG_INFORMATION_FORMAT = dwarf;
				ENABLE_STRICT_OBJC_MSGSEND = YES;
				ENABLE_TESTABILITY = YES;
				ENABLE_USER_SCRIPT_SANDBOXING = YES;
				GCC_C_LANGUAGE_STANDARD = gnu17;
				GCC_DYNAMIC_NO_PIC = NO;
				GCC_NO_COMMON_BLOCKS = YES;
				GCC_OPTIMIZATION_LEVEL = 0;
				GCC_PREPROCESSOR_DEFINITIONS = (
					"DEBUG=1",
					"$(inherited)",
				);
				GCC_WARN_64_TO_32_BIT_CONVERSION = YES;
				GCC_WARN_ABOUT_RETURN_TYPE = YES_ERROR;
				GCC_WARN_UNDECLARED_SELECTOR = YES;
				GCC_WARN_UNINITIALIZED_AUTOS = YES_AGGRESSIVE;
				GCC_WARN_UNUSED_FUNCTION = YES;
				GCC_WARN_UNUSED_VARIABLE = YES;
				LOCALIZATION_PREFERS_STRING_CATALOGS = YES;
				MACOSX_DEPLOYMENT_TARGET = 15.1;
				MTL_ENABLE_DEBUG_INFO = INCLUDE_SOURCE;
				MTL_FAST_MATH = YES;
				ONLY_ACTIVE_ARCH = YES;
				SDKROOT = macosx;
				SWIFT_ACTIVE_COMPILATION_CONDITIONS = "DEBUG $(inherited)";
				SWIFT_OPTIMIZATION_LEVEL = "-Onone";
			};
			name = Debug;
		};
		7B49613B2CDEBAEC0026AB0E /* Release */ = {
			isa = XCBuildConfiguration;
			buildSettings = {
				ALWAYS_SEARCH_USER_PATHS = NO;
				ASSETCATALOG_COMPILER_GENERATE_SWIFT_ASSET_SYMBOL_EXTENSIONS = YES;
				CLANG_ANALYZER_NONNULL = YES;
				CLANG_ANALYZER_NUMBER_OBJECT_CONVERSION = YES_AGGRESSIVE;
				CLANG_CXX_LANGUAGE_STANDARD = "gnu++20";
				CLANG_ENABLE_MODULES = YES;
				CLANG_ENABLE_OBJC_ARC = YES;
				CLANG_ENABLE_OBJC_WEAK = YES;
				CLANG_WARN_BLOCK_CAPTURE_AUTORELEASING = YES;
				CLANG_WARN_BOOL_CONVERSION = YES;
				CLANG_WARN_COMMA = YES;
				CLANG_WARN_CONSTANT_CONVERSION = YES;
				CLANG_WARN_DEPRECATED_OBJC_IMPLEMENTATIONS = YES;
				CLANG_WARN_DIRECT_OBJC_ISA_USAGE = YES_ERROR;
				CLANG_WARN_DOCUMENTATION_COMMENTS = YES;
				CLANG_WARN_EMPTY_BODY = YES;
				CLANG_WARN_ENUM_CONVERSION = YES;
				CLANG_WARN_INFINITE_RECURSION = YES;
				CLANG_WARN_INT_CONVERSION = YES;
				CLANG_WARN_NON_LITERAL_NULL_CONVERSION = YES;
				CLANG_WARN_OBJC_IMPLICIT_RETAIN_SELF = YES;
				CLANG_WARN_OBJC_LITERAL_CONVERSION = YES;
				CLANG_WARN_OBJC_ROOT_CLASS = YES_ERROR;
				CLANG_WARN_QUOTED_INCLUDE_IN_FRAMEWORK_HEADER = YES;
				CLANG_WARN_RANGE_LOOP_ANALYSIS = YES;
				CLANG_WARN_STRICT_PROTOTYPES = YES;
				CLANG_WARN_SUSPICIOUS_MOVE = YES;
				CLANG_WARN_UNGUARDED_AVAILABILITY = YES_AGGRESSIVE;
				CLANG_WARN_UNREACHABLE_CODE = YES;
				CLANG_WARN__DUPLICATE_METHOD_MATCH = YES;
				COPY_PHASE_STRIP = NO;
				DEBUG_INFORMATION_FORMAT = "dwarf-with-dsym";
				ENABLE_NS_ASSERTIONS = NO;
				ENABLE_STRICT_OBJC_MSGSEND = YES;
				ENABLE_USER_SCRIPT_SANDBOXING = YES;
				GCC_C_LANGUAGE_STANDARD = gnu17;
				GCC_NO_COMMON_BLOCKS = YES;
				GCC_WARN_64_TO_32_BIT_CONVERSION = YES;
				GCC_WARN_ABOUT_RETURN_TYPE = YES_ERROR;
				GCC_WARN_UNDECLARED_SELECTOR = YES;
				GCC_WARN_UNINITIALIZED_AUTOS = YES_AGGRESSIVE;
				GCC_WARN_UNUSED_FUNCTION = YES;
				GCC_WARN_UNUSED_VARIABLE = YES;
				LOCALIZATION_PREFERS_STRING_CATALOGS = YES;
				MACOSX_DEPLOYMENT_TARGET = 15.1;
				MTL_ENABLE_DEBUG_INFO = NO;
				MTL_FAST_MATH = YES;
				SDKROOT = macosx;
				SWIFT_COMPILATION_MODE = wholemodule;
			};
			name = Release;
		};
		7B49613D2CDEBAEC0026AB0E /* Debug */ = {
			isa = XCBuildConfiguration;
			buildSettings = {
				ASSETCATALOG_COMPILER_APPICON_NAME = AppIcon;
				ASSETCATALOG_COMPILER_GLOBAL_ACCENT_COLOR_NAME = AccentColor;
				CODE_SIGN_ENTITLEMENTS = "Film Room/Film_Room.entitlements";
				"CODE_SIGN_IDENTITY[sdk=macosx*]" = "Apple Development";
				CODE_SIGN_STYLE = Automatic;
				COMBINE_HIDPI_IMAGES = YES;
				CURRENT_PROJECT_VERSION = 1;
				DEVELOPMENT_ASSET_PATHS = "\"Film Room/Preview Content\"";
				DEVELOPMENT_TEAM = AT43NWHS2G;
				ENABLE_HARDENED_RUNTIME = YES;
				ENABLE_PREVIEWS = YES;
				GENERATE_INFOPLIST_FILE = YES;
				INFOPLIST_KEY_LSApplicationCategoryType = "public.app-category.utilities";
				INFOPLIST_KEY_NSHumanReadableCopyright = "";
				LD_RUNPATH_SEARCH_PATHS = (
					"$(inherited)",
					"@executable_path/../Frameworks",
				);
				MACOSX_DEPLOYMENT_TARGET = 14.0;
				MARKETING_VERSION = 1.0;
				PRODUCT_BUNDLE_IDENTIFIER = "ssathe.Film-Room";
				PRODUCT_NAME = "$(TARGET_NAME)";
				SWIFT_EMIT_LOC_STRINGS = YES;
				SWIFT_VERSION = 5.0;
			};
			name = Debug;
		};
		7B49613E2CDEBAEC0026AB0E /* Release */ = {
			isa = XCBuildConfiguration;
			buildSettings = {
				ASSETCATALOG_COMPILER_APPICON_NAME = AppIcon;
				ASSETCATALOG_COMPILER_GLOBAL_ACCENT_COLOR_NAME = AccentColor;
				CODE_SIGN_ENTITLEMENTS = "Film Room/Film_Room.entitlements";
				"CODE_SIGN_IDENTITY[sdk=macosx*]" = "Apple Development";
				CODE_SIGN_STYLE = Automatic;
				COMBINE_HIDPI_IMAGES = YES;
				CURRENT_PROJECT_VERSION = 1;
				DEVELOPMENT_ASSET_PATHS = "\"Film Room/Preview Content\"";
				DEVELOPMENT_TEAM = AT43NWHS2G;
				ENABLE_HARDENED_RUNTIME = YES;
				ENABLE_PREVIEWS = YES;
				GENERATE_INFOPLIST_FILE = YES;
				INFOPLIST_KEY_LSApplicationCategoryType = "public.app-category.utilities";
				INFOPLIST_KEY_NSHumanReadableCopyright = "";
				LD_RUNPATH_SEARCH_PATHS = (
					"$(inherited)",
					"@executable_path/../Frameworks",
				);
				MACOSX_DEPLOYMENT_TARGET = 14.0;
				MARKETING_VERSION = 1.0;
				PRODUCT_BUNDLE_IDENTIFIER = "ssathe.Film-Room";
				PRODUCT_NAME = "$(TARGET_NAME)";
				SWIFT_EMIT_LOC_STRINGS = YES;
				SWIFT_VERSION = 5.0;
			};
			name = Release;
		};
		7B4961402CDEBAEC0026AB0E /* Debug */ = {
			isa = XCBuildConfiguration;
			buildSettings = {
				BUNDLE_LOADER = "$(TEST_HOST)";
				CODE_SIGN_STYLE = Automatic;
				CURRENT_PROJECT_VERSION = 1;
				DEVELOPMENT_TEAM = AT43NWHS2G;
				GENERATE_INFOPLIST_FILE = YES;
				MACOSX_DEPLOYMENT_TARGET = 14.0;
				MARKETING_VERSION = 1.0;
				PRODUCT_BUNDLE_IDENTIFIER = "ssathe.Film-RoomTests";
				PRODUCT_NAME = "$(TARGET_NAME)";
				SWIFT_EMIT_LOC_STRINGS = NO;
				SWIFT_VERSION = 5.0;
				TEST_HOST = "$(BUILT_PRODUCTS_DIR)/Film Room.app/$(BUNDLE_EXECUTABLE_FOLDER_PATH)/Film Room";
			};
			name = Debug;
		};
		7B4961412CDEBAEC0026AB0E /* Release */ = {
			isa = XCBuildConfiguration;
			buildSettings = {
				BUNDLE_LOADER = "$(TEST_HOST)";
				CODE_SIGN_STYLE = Automatic;
				CURRENT_PROJECT_VERSION = 1;
				DEVELOPMENT_TEAM = AT43NWHS2G;
				GENERATE_INFOPLIST_FILE = YES;
				MACOSX_DEPLOYMENT_TARGET = 14.0;
				MARKETING_VERSION = 1.0;
				PRODUCT_BUNDLE_IDENTIFIER = "ssathe.Film-RoomTests";
				PRODUCT_NAME = "$(TARGET_NAME)";
				SWIFT_EMIT_LOC_STRINGS = NO;
				SWIFT_VERSION = 5.0;
				TEST_HOST = "$(BUILT_PRODUCTS_DIR)/Film Room.app/$(BUNDLE_EXECUTABLE_FOLDER_PATH)/Film Room";
			};
			name = Release;
		};
		7B4961432CDEBAEC0026AB0E /* Debug */ = {
			isa = XCBuildConfiguration;
			buildSettings = {
				CODE_SIGN_STYLE = Automatic;
				CURRENT_PROJECT_VERSION = 1;
				DEVELOPMENT_TEAM = AT43NWHS2G;
				GENERATE_INFOPLIST_FILE = YES;
				MARKETING_VERSION = 1.0;
				PRODUCT_BUNDLE_IDENTIFIER = "ssathe.Film-RoomUITests";
				PRODUCT_NAME = "$(TARGET_NAME)";
				SWIFT_EMIT_LOC_STRINGS = NO;
				SWIFT_VERSION = 5.0;
				TEST_TARGET_NAME = "Film Room";
			};
			name = Debug;
		};
		7B4961442CDEBAEC0026AB0E /* Release */ = {
			isa = XCBuildConfiguration;
			buildSettings = {
				CODE_SIGN_STYLE = Automatic;
				CURRENT_PROJECT_VERSION = 1;
				DEVELOPMENT_TEAM = AT43NWHS2G;
				GENERATE_INFOPLIST_FILE = YES;
				MARKETING_VERSION = 1.0;
				PRODUCT_BUNDLE_IDENTIFIER = "ssathe.Film-RoomUITests";
				PRODUCT_NAME = "$(TARGET_NAME)";
				SWIFT_EMIT_LOC_STRINGS = NO;
				SWIFT_VERSION = 5.0;
				TEST_TARGET_NAME = "Film Room";
			};
			name = Release;
		};
		7BE038FE2CE55E3600CD7DB4 /* Debug */ = {
			isa = XCBuildConfiguration;
			buildSettings = {
				CODE_SIGN_ENTITLEMENTS = "yt-dlpX/yt-dlpX.entitlements";
				"CODE_SIGN_IDENTITY[sdk=macosx*]" = "Apple Development";
				CODE_SIGN_INJECT_BASE_ENTITLEMENTS = NO;
				CODE_SIGN_STYLE = Automatic;
				DEVELOPMENT_TEAM = AT43NWHS2G;
				ENABLE_HARDENED_RUNTIME = YES;
				MACOSX_DEPLOYMENT_TARGET = 14.0;
				OTHER_CODE_SIGN_FLAGS = "";
				PRODUCT_BUNDLE_IDENTIFIER = "ssathe.Film-Room.yt-dlpX";
				PRODUCT_NAME = "$(TARGET_NAME)";
				SKIP_INSTALL = YES;
				SWIFT_VERSION = 5.0;
			};
			name = Debug;
		};
		7BE038FF2CE55E3600CD7DB4 /* Release */ = {
			isa = XCBuildConfiguration;
			buildSettings = {
				CODE_SIGN_ENTITLEMENTS = "yt-dlpX/yt-dlpX.entitlements";
				"CODE_SIGN_IDENTITY[sdk=macosx*]" = "Apple Development";
				CODE_SIGN_INJECT_BASE_ENTITLEMENTS = NO;
				CODE_SIGN_STYLE = Automatic;
				DEVELOPMENT_TEAM = AT43NWHS2G;
				ENABLE_HARDENED_RUNTIME = YES;
				MACOSX_DEPLOYMENT_TARGET = 14.0;
				OTHER_CODE_SIGN_FLAGS = "";
				PRODUCT_BUNDLE_IDENTIFIER = "ssathe.Film-Room.yt-dlpX";
				PRODUCT_NAME = "$(TARGET_NAME)";
				SKIP_INSTALL = YES;
				SWIFT_VERSION = 5.0;
			};
			name = Release;
		};
/* End XCBuildConfiguration section */

/* Begin XCConfigurationList section */
		7B4961102CDEBAE90026AB0E /* Build configuration list for PBXProject "Film Room" */ = {
			isa = XCConfigurationList;
			buildConfigurations = (
				7B49613A2CDEBAEC0026AB0E /* Debug */,
				7B49613B2CDEBAEC0026AB0E /* Release */,
			);
			defaultConfigurationIsVisible = 0;
			defaultConfigurationName = Release;
		};
		7B49613C2CDEBAEC0026AB0E /* Build configuration list for PBXNativeTarget "Film Room" */ = {
			isa = XCConfigurationList;
			buildConfigurations = (
				7B49613D2CDEBAEC0026AB0E /* Debug */,
				7B49613E2CDEBAEC0026AB0E /* Release */,
			);
			defaultConfigurationIsVisible = 0;
			defaultConfigurationName = Release;
		};
		7B49613F2CDEBAEC0026AB0E /* Build configuration list for PBXNativeTarget "Film RoomTests" */ = {
			isa = XCConfigurationList;
			buildConfigurations = (
				7B4961402CDEBAEC0026AB0E /* Debug */,
				7B4961412CDEBAEC0026AB0E /* Release */,
			);
			defaultConfigurationIsVisible = 0;
			defaultConfigurationName = Release;
		};
		7B4961422CDEBAEC0026AB0E /* Build configuration list for PBXNativeTarget "Film RoomUITests" */ = {
			isa = XCConfigurationList;
			buildConfigurations = (
				7B4961432CDEBAEC0026AB0E /* Debug */,
				7B4961442CDEBAEC0026AB0E /* Release */,
			);
			defaultConfigurationIsVisible = 0;
			defaultConfigurationName = Release;
		};
		7BE039002CE55E3600CD7DB4 /* Build configuration list for PBXNativeTarget "yt-dlpX" */ = {
			isa = XCConfigurationList;
			buildConfigurations = (
				7BE038FE2CE55E3600CD7DB4 /* Debug */,
				7BE038FF2CE55E3600CD7DB4 /* Release */,
			);
			defaultConfigurationIsVisible = 0;
			defaultConfigurationName = Release;
		};
/* End XCConfigurationList section */
	};
	rootObject = 7B49610D2CDEBAE90026AB0E /* Project object */;
}
